
Microsoft Visual Studio Solution File, Format Version 12.00
# Visual Studio Version 17
VisualStudioVersion = 17.4.33205.214
MinimumVisualStudioVersion = 10.0.40219.1
Project("{FAE04EC0-301F-11D3-BF4B-00C04F79EFBC}") = "VoteService_WCF", "VoteService_WCF.csproj", "{6F6250B8-9468-4B03-B631-4F6899D3F221}"
EndProject
Project("{FAE04EC0-301F-11D3-BF4B-00C04F79EFBC}") = "VoteHost", "VoteHost\VoteHost.csproj", "{D3805F32-1472-477A-BCDB-4A8ED6CC829C}"
EndProject
Project("{FAE04EC0-301F-11D3-BF4B-00C04F79EFBC}") = "VoteClient", "VoteClient\VoteClient.csproj", "{2C7D68BA-9B59-41B0-B001-0CDB77F4C1EA}"
EndProject
Global
	GlobalSection(SolutionConfigurationPlatforms) = preSolution
		Debug|Any CPU = Debug|Any CPU
		Release|Any CPU = Release|Any CPU
	EndGlobalSection
	GlobalSection(ProjectConfigurationPlatforms) = postSolution
		{6F6250B8-9468-4B03-B631-4F6899D3F221}.Debug|Any CPU.ActiveCfg = Debug|Any CPU
		{6F6250B8-9468-4B03-B631-4F6899D3F221}.Debug|Any CPU.Build.0 = Debug|Any CPU
		{6F6250B8-9468-4B03-B631-4F6899D3F221}.Release|Any CPU.ActiveCfg = Release|Any CPU
		{6F6250B8-9468-4B03-B631-4F6899D3F221}.Release|Any CPU.Build.0 = Release|Any CPU
		{D3805F32-1472-477A-BCDB-4A8ED6CC829C}.Debug|Any CPU.ActiveCfg = Debug|Any CPU
		{D3805F32-1472-477A-BCDB-4A8ED6CC829C}.Debug|Any CPU.Build.0 = Debug|Any CPU
		{D3805F32-1472-477A-BCDB-4A8ED6CC829C}.Release|Any CPU.ActiveCfg = Release|Any CPU
		{D3805F32-1472-477A-BCDB-4A8ED6CC829C}.Release|Any CPU.Build.0 = Release|Any CPU
		{2C7D68BA-9B59-41B0-B001-0CDB77F4C1EA}.Debug|Any CPU.ActiveCfg = Debug|Any CPU
		{2C7D68BA-9B59-41B0-B001-0CDB77F4C1EA}.Debug|Any CPU.Build.0 = Debug|Any CPU
		{2C7D68BA-9B59-41B0-B001-0CDB77F4C1EA}.Release|Any CPU.ActiveCfg = Release|Any CPU
		{2C7D68BA-9B59-41B0-B001-0CDB77F4C1EA}.Release|Any CPU.Build.0 = Release|Any CPU
	EndGlobalSection
	GlobalSection(SolutionProperties) = preSolution
		HideSolutionNode = FALSE
	EndGlobalSection
	GlobalSection(ExtensibilityGlobals) = postSolution
		SolutionGuid = {22A24AA1-C89E-4D31-A8FC-10A66B5FBE2A}
	EndGlobalSection
EndGlobal
